Microsoft Visual Studio Solution File, Format Version 12.00
# Visual Studio Version 17
VisualStudioVersion = 17.3.32825.248
MinimumVisualStudioVersion = 10.0.40219.1
Project("{9A19103F-16F7-4668-BE54-9A1E7A4F7556}") = "YubiKeyRemovalBehavior", "YubiKeyRemovalBehavior.csproj", "{40B5820F-95F6-43FE-B906-B027E9EEDC05}"
EndProject
Project("{2150E333-8FDC-42A3-9474-1A3956D46DE8}") = "Solution Items", "Solution Items", "{71C78251-4B81-421F-A2D8-81DA9D0E2C10}"
EndProject
Project("{930C7802-8A8C-48F9-8165-68863BCCD9DD}") = "YubiKey Removal Behavior Tool", "..\MSIPackaging\YubiKey Removal Behavior Tool.wixproj", "{87C87D19-FC0C-4271-BC40-4A0D452E19CD}"
EndProject
Global
	GlobalSection(SolutionConfigurationPlatforms) = preSolution
		Debug|Any CPU = Debug|Any CPU
		Debug|x64 = Debug|x64
		Debug|x86 = Debug|x86
		Release|Any CPU = Release|Any CPU
		Release|x64 = Release|x64
		Release|x86 = Release|x86
	EndGlobalSection
	GlobalSection(ProjectConfigurationPlatforms) = postSolution
		{40B5820F-95F6-43FE-B906-B027E9EEDC05}.Debug|Any CPU.ActiveCfg = Release|x64
		{40B5820F-95F6-43FE-B906-B027E9EEDC05}.Debug|Any CPU.Build.0 = Release|x64
		{40B5820F-95F6-43FE-B906-B027E9EEDC05}.Debug|x64.ActiveCfg = Debug|x64
		{40B5820F-95F6-43FE-B906-B027E9EEDC05}.Debug|x64.Build.0 = Debug|x64
		{40B5820F-95F6-43FE-B906-B027E9EEDC05}.Debug|x86.ActiveCfg = Debug|x86
		{40B5820F-95F6-43FE-B906-B027E9EEDC05}.Debug|x86.Build.0 = Debug|x86
		{40B5820F-95F6-43FE-B906-B027E9EEDC05}.Release|Any CPU.ActiveCfg = Release|x64
		{40B5820F-95F6-43FE-B906-B027E9EEDC05}.Release|Any CPU.Build.0 = Release|x64
		{40B5820F-95F6-43FE-B906-B027E9EEDC05}.Release|x64.ActiveCfg = Release|x64
		{40B5820F-95F6-43FE-B906-B027E9EEDC05}.Release|x64.Build.0 = Release|x64
		{40B5820F-95F6-43FE-B906-B027E9EEDC05}.Release|x86.ActiveCfg = Release|x86
		{40B5820F-95F6-43FE-B906-B027E9EEDC05}.Release|x86.Build.0 = Release|x86
		{87C87D19-FC0C-4271-BC40-4A0D452E19CD}.Debug|Any CPU.ActiveCfg = Debug|x86
		{87C87D19-FC0C-4271-BC40-4A0D452E19CD}.Debug|Any CPU.Build.0 = Debug|x86
		{87C87D19-FC0C-4271-BC40-4A0D452E19CD}.Debug|x64.ActiveCfg = Debug|x86
		{87C87D19-FC0C-4271-BC40-4A0D452E19CD}.Debug|x64.Build.0 = Debug|x86
		{87C87D19-FC0C-4271-BC40-4A0D452E19CD}.Debug|x86.ActiveCfg = Debug|x86
		{87C87D19-FC0C-4271-BC40-4A0D452E19CD}.Debug|x86.Build.0 = Debug|x86
		{87C87D19-FC0C-4271-BC40-4A0D452E19CD}.Release|Any CPU.ActiveCfg = Release|x86
		{87C87D19-FC0C-4271-BC40-4A0D452E19CD}.Release|Any CPU.Build.0 = Release|x86
		{87C87D19-FC0C-4271-BC40-4A0D452E19CD}.Release|x64.ActiveCfg = Release|x86
		{87C87D19-FC0C-4271-BC40-4A0D452E19CD}.Release|x64.Build.0 = Release|x86
		{87C87D19-FC0C-4271-BC40-4A0D452E19CD}.Release|x86.ActiveCfg = Release|x86
		{87C87D19-FC0C-4271-BC40-4A0D452E19CD}.Release|x86.Build.0 = Release|x86
	EndGlobalSection
	GlobalSection(SolutionProperties) = preSolution
		HideSolutionNode = FALSE
	EndGlobalSection
	GlobalSection(ExtensibilityGlobals) = postSolution
		SolutionGuid = {A9414E13-11EB-4DC7-B89A-EF70A5E0992A}
	EndGlobalSection
EndGlobal
